
Microsoft Visual Studio Solution File, Format Version 12.00
# Visual Studio Version 16
VisualStudioVersion = 16.0.29728.190
MinimumVisualStudioVersion = 10.0.40219.1
Project("{FAE04EC0-301F-11D3-BF4B-00C04F79EFBC}") = "SalesWebMvc", "SalesWebMvc\SalesWebMvc.csproj", "{4BBCCB3A-1B05-4122-8ED5-E56848D2868F}"
EndProject
Global
	GlobalSection(SolutionConfigurationPlatforms) = preSolution
		Debug|Any CPU = Debug|Any CPU
		Release|Any CPU = Release|Any CPU
	EndGlobalSection
	GlobalSection(ProjectConfigurationPlatforms) = postSolution
		{4BBCCB3A-1B05-4122-8ED5-E56848D2868F}.Debug|Any CPU.ActiveCfg = Debug|Any CPU
		{4BBCCB3A-1B05-4122-8ED5-E56848D2868F}.Debug|Any CPU.Build.0 = Debug|Any CPU
		{4BBCCB3A-1B05-4122-8ED5-E56848D2868F}.Release|Any CPU.ActiveCfg = Release|Any CPU
		{4BBCCB3A-1B05-4122-8ED5-E56848D2868F}.Release|Any CPU.Build.0 = Release|Any CPU
	EndGlobalSection
	GlobalSection(SolutionProperties) = preSolution
		HideSolutionNode = FALSE
	EndGlobalSection
	GlobalSection(ExtensibilityGlobals) = postSolution
		SolutionGuid = {4FB5682F-9F10-46D6-9F67-9430BFD5E8DE}
	EndGlobalSection
EndGlobal
